
Microsoft Visual Studio Solution File, Format Version 12.00
# Visual Studio 15
VisualStudioVersion = 15.0.28010.2041
MinimumVisualStudioVersion = 10.0.40219.1
Project("{FAE04EC0-301F-11D3-BF4B-00C04F79EFBC}") = "TestNotissimus.Android", "TestNotissimus\TestNotissimus.Android\TestNotissimus.Android.csproj", "{E4138AC3-6647-4683-95AE-98E4FA2F20A5}"
EndProject
Project("{FAE04EC0-301F-11D3-BF4B-00C04F79EFBC}") = "TestNotissimus", "TestNotissimus\TestNotissimus\TestNotissimus.csproj", "{8330CF93-3037-4462-B668-6DB891E56057}"
EndProject
Global
	GlobalSection(SolutionConfigurationPlatforms) = preSolution
		Debug|Any CPU = Debug|Any CPU
		Release|Any CPU = Release|Any CPU
	EndGlobalSection
	GlobalSection(ProjectConfigurationPlatforms) = postSolution
		{E4138AC3-6647-4683-95AE-98E4FA2F20A5}.Debug|Any CPU.ActiveCfg = Debug|Any CPU
		{E4138AC3-6647-4683-95AE-98E4FA2F20A5}.Debug|Any CPU.Build.0 = Debug|Any CPU
		{E4138AC3-6647-4683-95AE-98E4FA2F20A5}.Debug|Any CPU.Deploy.0 = Debug|Any CPU
		{E4138AC3-6647-4683-95AE-98E4FA2F20A5}.Release|Any CPU.ActiveCfg = Release|Any CPU
		{E4138AC3-6647-4683-95AE-98E4FA2F20A5}.Release|Any CPU.Build.0 = Release|Any CPU
		{E4138AC3-6647-4683-95AE-98E4FA2F20A5}.Release|Any CPU.Deploy.0 = Release|Any CPU
		{8330CF93-3037-4462-B668-6DB891E56057}.Debug|Any CPU.ActiveCfg = Debug|Any CPU
		{8330CF93-3037-4462-B668-6DB891E56057}.Debug|Any CPU.Build.0 = Debug|Any CPU
		{8330CF93-3037-4462-B668-6DB891E56057}.Release|Any CPU.ActiveCfg = Release|Any CPU
		{8330CF93-3037-4462-B668-6DB891E56057}.Release|Any CPU.Build.0 = Release|Any CPU
	EndGlobalSection
	GlobalSection(SolutionProperties) = preSolution
		HideSolutionNode = FALSE
	EndGlobalSection
	GlobalSection(ExtensibilityGlobals) = postSolution
		SolutionGuid = {3E548883-83CB-4867-8644-C72C3631E50B}
	EndGlobalSection
EndGlobal
